
Microsoft Visual Studio Solution File, Format Version 12.00
# Visual Studio 15
VisualStudioVersion = 15.0.27428.2015
MinimumVisualStudioVersion = 10.0.40219.1
Project("{FAE04EC0-301F-11D3-BF4B-00C04F79EFBC}") = "RabbitMQ.Fakes", "RabbitMQ.Fakes\RabbitMQ.Fakes.csproj", "{20F48F0E-1732-42EB-B2B9-CC282E111C5C}"
EndProject
Project("{FAE04EC0-301F-11D3-BF4B-00C04F79EFBC}") = "RabbitMQ.Fakes.Tests", "RabbitMQ.Fakes.Tests\RabbitMQ.Fakes.Tests.csproj", "{2869FF3F-4B89-4978-9C17-36EE956F4D1F}"
EndProject
Global
	GlobalSection(SolutionConfigurationPlatforms) = preSolution
		Debug|Any CPU = Debug|Any CPU
		Release|Any CPU = Release|Any CPU
	EndGlobalSection
	GlobalSection(ProjectConfigurationPlatforms) = postSolution
		{20F48F0E-1732-42EB-B2B9-CC282E111C5C}.Debug|Any CPU.ActiveCfg = Debug|Any CPU
		{20F48F0E-1732-42EB-B2B9-CC282E111C5C}.Debug|Any CPU.Build.0 = Debug|Any CPU
		{20F48F0E-1732-42EB-B2B9-CC282E111C5C}.Release|Any CPU.ActiveCfg = Release|Any CPU
		{20F48F0E-1732-42EB-B2B9-CC282E111C5C}.Release|Any CPU.Build.0 = Release|Any CPU
		{2869FF3F-4B89-4978-9C17-36EE956F4D1F}.Debug|Any CPU.ActiveCfg = Debug|Any CPU
		{2869FF3F-4B89-4978-9C17-36EE956F4D1F}.Debug|Any CPU.Build.0 = Debug|Any CPU
		{2869FF3F-4B89-4978-9C17-36EE956F4D1F}.Release|Any CPU.ActiveCfg = Release|Any CPU
		{2869FF3F-4B89-4978-9C17-36EE956F4D1F}.Release|Any CPU.Build.0 = Release|Any CPU
	EndGlobalSection
	GlobalSection(SolutionProperties) = preSolution
		HideSolutionNode = FALSE
	EndGlobalSection
	GlobalSection(ExtensibilityGlobals) = postSolution
		SolutionGuid = {4900E918-9A1C-4BFA-A662-95AD8F8F6F35}
	EndGlobalSection
EndGlobal
